// !$*UTF8*$!
{
	archiveVersion = 1;
	classes = {
	};
	objectVersion = 50;
	objects = {

/* Begin PBXBuildFile section */
		03382B82F2DCE213DD6B2A2B /* Pods_ModuleTest.framework in Frameworks */ = {isa = PBXBuildFile; fileRef = 52FC24B3CEC44F565D31913B /* Pods_ModuleTest.framework */; };
		D59F287626E008200064816B /* ExampleModel.swift in Sources */ = {isa = PBXBuildFile; fileRef = D59F286E26E0081F0064816B /* ExampleModel.swift */; };
		D59F287E26E009E10064816B /* ModuleTest.podspec in Resources */ = {isa = PBXBuildFile; fileRef = D59F287D26E009E10064816B /* ModuleTest.podspec */; };
		DA578DB921CD785E00986A8C /* Tests.swift in Sources */ = {isa = PBXBuildFile; fileRef = DA578DB821CD785E00986A8C /* Tests.swift */; };
		DA59CEBB21FB8BD0007D4CAB /* Assets.xcassets in Resources */ = {isa = PBXBuildFile; fileRef = DA59CEBA21FB8BD0007D4CAB /* Assets.xcassets */; };
/* End PBXBuildFile section */

/* Begin PBXContainerItemProxy section */
		DA578DBB21CD785E00986A8C /* PBXContainerItemProxy */ = {
			isa = PBXContainerItemProxy;
			containerPortal = DA52D06B21B6A45500370736 /* Project object */;
			proxyType = 1;
			remoteGlobalIDString = DA52D07221B6A45500370736;
			remoteInfo = ModuleTest;
		};
/* End PBXContainerItemProxy section */

/* Begin PBXFileReference section */
		22DC2CAA1C5921CBB2C074B1 /* Pods-ModuleTest.testing.xcconfig */ = {isa = PBXFileReference; includeInIndex = 1; lastKnownFileType = text.xcconfig; name = "Pods-ModuleTest.testing.xcconfig"; path = "Pods/Target Support Files/Pods-ModuleTest/Pods-ModuleTest.testing.xcconfig"; sourceTree = "<group>"; };
		52FC24B3CEC44F565D31913B /* Pods_ModuleTest.framework */ = {isa = PBXFileReference; explicitFileType = wrapper.framework; includeInIndex = 0; path = Pods_ModuleTest.framework; sourceTree = BUILT_PRODUCTS_DIR; };
		A68B91042B9D9E843BE68E79 /* Pods-ModuleTest.debug.xcconfig */ = {isa = PBXFileReference; includeInIndex = 1; lastKnownFileType = text.xcconfig; name = "Pods-ModuleTest.debug.xcconfig"; path = "Pods/Target Support Files/Pods-ModuleTest/Pods-ModuleTest.debug.xcconfig"; sourceTree = "<group>"; };
		D59F286E26E0081F0064816B /* ExampleModel.swift */ = {isa = PBXFileReference; fileEncoding = 4; lastKnownFileType = sourcecode.swift; path = ExampleModel.swift; sourceTree = "<group>"; };
		D59F286F26E008200064816B /* ModuleTest.h */ = {isa = PBXFileReference; fileEncoding = 4; lastKnownFileType = sourcecode.c.h; path = ModuleTest.h; sourceTree = "<group>"; };
		D59F287D26E009E10064816B /* ModuleTest.podspec */ = {isa = PBXFileReference; fileEncoding = 4; lastKnownFileType = text; path = ModuleTest.podspec; sourceTree = "<group>"; };
		DA52D07321B6A45500370736 /* ModuleTest.app */ = {isa = PBXFileReference; explicitFileType = wrapper.application; includeInIndex = 0; path = ModuleTest.app; sourceTree = BUILT_PRODUCTS_DIR; };
		DA578DB621CD785E00986A8C /* Tests.xctest */ = {isa = PBXFileReference; explicitFileType = wrapper.cfbundle; includeInIndex = 0; path = Tests.xctest; sourceTree = BUILT_PRODUCTS_DIR; };
		DA578DB821CD785E00986A8C /* Tests.swift */ = {isa = PBXFileReference; lastKnownFileType = sourcecode.swift; path = Tests.swift; sourceTree = "<group>"; };
		DA578DBA21CD785E00986A8C /* Info.plist */ = {isa = PBXFileReference; lastKnownFileType = text.plist.xml; path = Info.plist; sourceTree = "<group>"; };
		DA59CEBA21FB8BD0007D4CAB /* Assets.xcassets */ = {isa = PBXFileReference; lastKnownFileType = folder.assetcatalog; path = Assets.xcassets; sourceTree = "<group>"; };
		F92278E4E5AB24FEC92BFEE4 /* Pods-ModuleTest.release.xcconfig */ = {isa = PBXFileReference; includeInIndex = 1; lastKnownFileType = text.xcconfig; name = "Pods-ModuleTest.release.xcconfig"; path = "Pods/Target Support Files/Pods-ModuleTest/Pods-ModuleTest.release.xcconfig"; sourceTree = "<group>"; };
/* End PBXFileReference section */

/* Begin PBXFrameworksBuildPhase section */
		DA52D07021B6A45500370736 /* Frameworks */ = {
			isa = PBXFrameworksBuildPhase;
			buildActionMask = 2147483647;
			files = (
				03382B82F2DCE213DD6B2A2B /* Pods_ModuleTest.framework in Frameworks */,
			);
			runOnlyForDeploymentPostprocessing = 0;
		};
		DA578DB321CD785E00986A8C /* Frameworks */ = {
			isa = PBXFrameworksBuildPhase;
			buildActionMask = 2147483647;
			files = (
			);
			runOnlyForDeploymentPostprocessing = 0;
		};
/* End PBXFrameworksBuildPhase section */

/* Begin PBXGroup section */
		68C046947C7397C498C5ED86 /* Frameworks */ = {
			isa = PBXGroup;
			children = (
				52FC24B3CEC44F565D31913B /* Pods_ModuleTest.framework */,
			);
			name = Frameworks;
			sourceTree = "<group>";
		};
		9B4E100B0546818208D5F433 /* Pods */ = {
			isa = PBXGroup;
			children = (
				A68B91042B9D9E843BE68E79 /* Pods-ModuleTest.debug.xcconfig */,
				F92278E4E5AB24FEC92BFEE4 /* Pods-ModuleTest.release.xcconfig */,
				22DC2CAA1C5921CBB2C074B1 /* Pods-ModuleTest.testing.xcconfig */,
			);
			name = Pods;
			sourceTree = "<group>";
		};
		D59F286D26E0081F0064816B /* Model */ = {
			isa = PBXGroup;
			children = (
				D59F286E26E0081F0064816B /* ExampleModel.swift */,
			);
			path = Model;
			sourceTree = "<group>";
		};
		DA52D06A21B6A45500370736 = {
			isa = PBXGroup;
			children = (
				D59F287D26E009E10064816B /* ModuleTest.podspec */,
				DA52D07521B6A45500370736 /* ModuleTest */,
				DA578DB721CD785E00986A8C /* Tests */,
				DA52D07421B6A45500370736 /* Products */,
				9B4E100B0546818208D5F433 /* Pods */,
				68C046947C7397C498C5ED86 /* Frameworks */,
			);
			sourceTree = "<group>";
		};
		DA52D07421B6A45500370736 /* Products */ = {
			isa = PBXGroup;
			children = (
				DA52D07321B6A45500370736 /* ModuleTest.app */,
				DA578DB621CD785E00986A8C /* Tests.xctest */,
			);
			name = Products;
			sourceTree = "<group>";
		};
		DA52D07521B6A45500370736 /* ModuleTest */ = {
			isa = PBXGroup;
			children = (
				D59F286F26E008200064816B /* ModuleTest.h */,
				DA59CEB921FB8BD0007D4CAB /* Resources */,
				D59F286D26E0081F0064816B /* Model */,
			);
			path = ModuleTest;
			sourceTree = "<group>";
		};
		DA578DB721CD785E00986A8C /* Tests */ = {
			isa = PBXGroup;
			children = (
				DA578DB821CD785E00986A8C /* Tests.swift */,
				DA578DBA21CD785E00986A8C /* Info.plist */,
			);
			path = Tests;
			sourceTree = "<group>";
		};
		DA59CEB921FB8BD0007D4CAB /* Resources */ = {
			isa = PBXGroup;
			children = (
				DA59CEBA21FB8BD0007D4CAB /* Assets.xcassets */,
			);
			name = Resources;
			path = ModuleTest/Resources;
			sourceTree = SOURCE_ROOT;
		};
/* End PBXGroup section */

/* Begin PBXLegacyTarget section */
		DA3BE20B21BFFDD8005526BC /* dev */ = {
			isa = PBXLegacyTarget;
			buildArgumentsString = "";
			buildConfigurationList = DA3BE20C21BFFDD8005526BC /* Build configuration list for PBXLegacyTarget "dev" */;
			buildPhases = (
			);
			buildToolPath = ./configen;
			buildWorkingDirectory = "";
			dependencies = (
			);
			name = dev;
			passBuildSettingsInEnvironment = 1;
			productName = dev;
		};
		DA3BE20F21BFFE4C005526BC /* prod */ = {
			isa = PBXLegacyTarget;
			buildArgumentsString = "";
			buildConfigurationList = DA3BE21021BFFE4C005526BC /* Build configuration list for PBXLegacyTarget "prod" */;
			buildPhases = (
			);
			buildToolPath = ./configen;
			buildWorkingDirectory = "";
			dependencies = (
			);
			name = prod;
			passBuildSettingsInEnvironment = 1;
			productName = prod;
		};
		DAB17ABD21BFF89000915C00 /* test */ = {
			isa = PBXLegacyTarget;
			buildArgumentsString = "";
			buildConfigurationList = DAB17ABE21BFF89000915C00 /* Build configuration list for PBXLegacyTarget "test" */;
			buildPhases = (
			);
			buildToolPath = ./configen;
			buildWorkingDirectory = "";
			dependencies = (
			);
			name = test;
			passBuildSettingsInEnvironment = 1;
			productName = test;
		};
/* End PBXLegacyTarget section */

/* Begin PBXNativeTarget section */
		DA52D07221B6A45500370736 /* ModuleTest */ = {
			isa = PBXNativeTarget;
			buildConfigurationList = DA52D09B21B6A45600370736 /* Build configuration list for PBXNativeTarget "ModuleTest" */;
			buildPhases = (
				1F136249FD900E28BD4CC448 /* [CP] Check Pods Manifest.lock */,
				DA52D06F21B6A45500370736 /* Sources */,
				DA52D07021B6A45500370736 /* Frameworks */,
				DA52D07121B6A45500370736 /* Resources */,
				DA578DCC21D65A3000986A8C /* ShellScript */,
				750D8FD69CEC1AA57F00E727 /* [CP] Embed Pods Frameworks */,
			);
			buildRules = (
			);
			dependencies = (
			);
			name = ModuleTest;
			productName = ModuleTest;
			productReference = DA52D07321B6A45500370736 /* ModuleTest.app */;
			productType = "com.apple.product-type.application";
		};
		DA578DB521CD785E00986A8C /* Tests */ = {
			isa = PBXNativeTarget;
			buildConfigurationList = DA578DBD21CD785E00986A8C /* Build configuration list for PBXNativeTarget "Tests" */;
			buildPhases = (
				DA578DB221CD785E00986A8C /* Sources */,
				DA578DB321CD785E00986A8C /* Frameworks */,
				DA578DB421CD785E00986A8C /* Resources */,
			);
			buildRules = (
			);
			dependencies = (
				DA578DBC21CD785E00986A8C /* PBXTargetDependency */,
			);
			name = Tests;
			productName = Tests;
			productReference = DA578DB621CD785E00986A8C /* Tests.xctest */;
			productType = "com.apple.product-type.bundle.unit-test";
		};
/* End PBXNativeTarget section */

/* Begin PBXProject section */
		DA52D06B21B6A45500370736 /* Project object */ = {
			isa = PBXProject;
			attributes = {
				LastSwiftUpdateCheck = 1010;
				LastUpgradeCheck = 1010;
				ORGANIZATIONNAME = "facundo rodriguez";
				TargetAttributes = {
					DA3BE20B21BFFDD8005526BC = {
						CreatedOnToolsVersion = 10.1;
					};
					DA3BE20F21BFFE4C005526BC = {
						CreatedOnToolsVersion = 10.1;
					};
					DA52D07221B6A45500370736 = {
						CreatedOnToolsVersion = 10.1;
					};
					DA578DB521CD785E00986A8C = {
						CreatedOnToolsVersion = 10.1;
						TestTargetID = DA52D07221B6A45500370736;
					};
					DAB17ABD21BFF89000915C00 = {
						CreatedOnToolsVersion = 10.1;
					};
				};
			};
			buildConfigurationList = DA52D06E21B6A45500370736 /* Build configuration list for PBXProject "ModuleTest" */;
			compatibilityVersion = "Xcode 9.3";
			developmentRegion = en;
			hasScannedForEncodings = 0;
			knownRegions = (
				en,
				Base,
			);
			mainGroup = DA52D06A21B6A45500370736;
			productRefGroup = DA52D07421B6A45500370736 /* Products */;
			projectDirPath = "";
			projectRoot = "";
			targets = (
				DA52D07221B6A45500370736 /* ModuleTest */,
				DA3BE20B21BFFDD8005526BC /* dev */,
				DAB17ABD21BFF89000915C00 /* test */,
				DA3BE20F21BFFE4C005526BC /* prod */,
				DA578DB521CD785E00986A8C /* Tests */,
			);
		};
/* End PBXProject section */

/* Begin PBXResourcesBuildPhase section */
		DA52D07121B6A45500370736 /* Resources */ = {
			isa = PBXResourcesBuildPhase;
			buildActionMask = 2147483647;
			files = (
				D59F287E26E009E10064816B /* ModuleTest.podspec in Resources */,
				DA59CEBB21FB8BD0007D4CAB /* Assets.xcassets in Resources */,
			);
			runOnlyForDeploymentPostprocessing = 0;
		};
		DA578DB421CD785E00986A8C /* Resources */ = {
			isa = PBXResourcesBuildPhase;
			buildActionMask = 2147483647;
			files = (
			);
			runOnlyForDeploymentPostprocessing = 0;
		};
/* End PBXResourcesBuildPhase section */

/* Begin PBXShellScriptBuildPhase section */
		1F136249FD900E28BD4CC448 /* [CP] Check Pods Manifest.lock */ = {
			isa = PBXShellScriptBuildPhase;
			buildActionMask = 2147483647;
			files = (
			);
			inputFileListPaths = (
			);
			inputPaths = (
				"${PODS_PODFILE_DIR_PATH}/Podfile.lock",
				"${PODS_ROOT}/Manifest.lock",
			);
			name = "[CP] Check Pods Manifest.lock";
			outputFileListPaths = (
			);
			outputPaths = (
				"$(DERIVED_FILE_DIR)/Pods-ModuleTest-checkManifestLockResult.txt",
			);
			runOnlyForDeploymentPostprocessing = 0;
			shellPath = /bin/sh;
			shellScript = "diff \"${PODS_PODFILE_DIR_PATH}/Podfile.lock\" \"${PODS_ROOT}/Manifest.lock\" > /dev/null\nif [ $? != 0 ] ; then\n    # print error to STDERR\n    echo \"error: The sandbox is not in sync with the Podfile.lock. Run 'pod install' or update your CocoaPods installation.\" >&2\n    exit 1\nfi\n# This output is used by Xcode 'outputs' to avoid re-running this script phase.\necho \"SUCCESS\" > \"${SCRIPT_OUTPUT_FILE_0}\"\n";
			showEnvVarsInLog = 0;
		};
		750D8FD69CEC1AA57F00E727 /* [CP] Embed Pods Frameworks */ = {
			isa = PBXShellScriptBuildPhase;
			buildActionMask = 2147483647;
			files = (
			);
			inputFileListPaths = (
			);
			inputPaths = (
				"${PODS_ROOT}/Target Support Files/Pods-ModuleTest/Pods-ModuleTest-frameworks.sh",
				"${BUILT_PRODUCTS_DIR}/Alamofire/Alamofire.framework",
				"${BUILT_PRODUCTS_DIR}/Auth0/Auth0.framework",
				"${BUILT_PRODUCTS_DIR}/JWTDecode/JWTDecode.framework",
				"${BUILT_PRODUCTS_DIR}/ReachabilitySwift/Reachability.framework",
				"${BUILT_PRODUCTS_DIR}/SimpleKeychain/SimpleKeychain.framework",
				"${BUILT_PRODUCTS_DIR}/Split/Split.framework",
				"${BUILT_PRODUCTS_DIR}/nanopb/nanopb.framework",
			);
			name = "[CP] Embed Pods Frameworks";
			outputFileListPaths = (
			);
			outputPaths = (
				"${TARGET_BUILD_DIR}/${FRAMEWORKS_FOLDER_PATH}/Alamofire.framework",
				"${TARGET_BUILD_DIR}/${FRAMEWORKS_FOLDER_PATH}/Auth0.framework",
				"${TARGET_BUILD_DIR}/${FRAMEWORKS_FOLDER_PATH}/JWTDecode.framework",
				"${TARGET_BUILD_DIR}/${FRAMEWORKS_FOLDER_PATH}/Reachability.framework",
				"${TARGET_BUILD_DIR}/${FRAMEWORKS_FOLDER_PATH}/SimpleKeychain.framework",
				"${TARGET_BUILD_DIR}/${FRAMEWORKS_FOLDER_PATH}/Split.framework",
				"${TARGET_BUILD_DIR}/${FRAMEWORKS_FOLDER_PATH}/nanopb.framework",
			);
			runOnlyForDeploymentPostprocessing = 0;
			shellPath = /bin/sh;
			shellScript = "\"${PODS_ROOT}/Target Support Files/Pods-ModuleTest/Pods-ModuleTest-frameworks.sh\"\n";
			showEnvVarsInLog = 0;
		};
		DA578DCC21D65A3000986A8C /* ShellScript */ = {
			isa = PBXShellScriptBuildPhase;
			buildActionMask = 2147483647;
			files = (
			);
			inputFileListPaths = (
			);
			inputPaths = (
				"\"$(BUILT_PRODUCTS_DIR)/$(INFOPLIST_PATH)\"",
			);
			outputFileListPaths = (
			);
			outputPaths = (
			);
			runOnlyForDeploymentPostprocessing = 0;
			shellPath = /bin/sh;
			shellScript = "\"${PODS_ROOT}/Fabric/Run\"\n";
		};
/* End PBXShellScriptBuildPhase section */

/* Begin PBXSourcesBuildPhase section */
		DA52D06F21B6A45500370736 /* Sources */ = {
			isa = PBXSourcesBuildPhase;
			buildActionMask = 2147483647;
			files = (
				D59F287626E008200064816B /* ExampleModel.swift in Sources */,
			);
			runOnlyForDeploymentPostprocessing = 0;
		};
		DA578DB221CD785E00986A8C /* Sources */ = {
			isa = PBXSourcesBuildPhase;
			buildActionMask = 2147483647;
			files = (
				DA578DB921CD785E00986A8C /* Tests.swift in Sources */,
			);
			runOnlyForDeploymentPostprocessing = 0;
		};
/* End PBXSourcesBuildPhase section */

/* Begin PBXTargetDependency section */
		DA578DBC21CD785E00986A8C /* PBXTargetDependency */ = {
			isa = PBXTargetDependency;
			target = DA52D07221B6A45500370736 /* ModuleTest */;
			targetProxy = DA578DBB21CD785E00986A8C /* PBXContainerItemProxy */;
		};
/* End PBXTargetDependency section */

/* Begin XCBuildConfiguration section */
		030E7C0721F8EF5B00DAE899 /* Testing */ = {
			isa = XCBuildConfiguration;
			buildSettings = {
				ALWAYS_SEARCH_USER_PATHS = NO;
				CLANG_ANALYZER_NONNULL = YES;
				CLANG_ANALYZER_NUMBER_OBJECT_CONVERSION = YES_AGGRESSIVE;
				CLANG_CXX_LANGUAGE_STANDARD = "gnu++14";
				CLANG_CXX_LIBRARY = "libc++";
				CLANG_ENABLE_MODULES = YES;
				CLANG_ENABLE_OBJC_ARC = YES;
				CLANG_ENABLE_OBJC_WEAK = YES;
				CLANG_WARN_BLOCK_CAPTURE_AUTORELEASING = YES;
				CLANG_WARN_BOOL_CONVERSION = YES;
				CLANG_WARN_COMMA = YES;
				CLANG_WARN_CONSTANT_CONVERSION = YES;
				CLANG_WARN_DEPRECATED_OBJC_IMPLEMENTATIONS = YES;
				CLANG_WARN_DIRECT_OBJC_ISA_USAGE = YES_ERROR;
				CLANG_WARN_DOCUMENTATION_COMMENTS = YES;
				CLANG_WARN_EMPTY_BODY = YES;
				CLANG_WARN_ENUM_CONVERSION = YES;
				CLANG_WARN_INFINITE_RECURSION = YES;
				CLANG_WARN_INT_CONVERSION = YES;
				CLANG_WARN_NON_LITERAL_NULL_CONVERSION = YES;
				CLANG_WARN_OBJC_IMPLICIT_RETAIN_SELF = YES;
				CLANG_WARN_OBJC_LITERAL_CONVERSION = YES;
				CLANG_WARN_OBJC_ROOT_CLASS = YES_ERROR;
				CLANG_WARN_RANGE_LOOP_ANALYSIS = YES;
				CLANG_WARN_STRICT_PROTOTYPES = YES;
				CLANG_WARN_SUSPICIOUS_MOVE = YES;
				CLANG_WARN_UNGUARDED_AVAILABILITY = YES_AGGRESSIVE;
				CLANG_WARN_UNREACHABLE_CODE = YES;
				CLANG_WARN__DUPLICATE_METHOD_MATCH = YES;
				CODE_SIGN_IDENTITY = "iPhone Developer";
				COPY_PHASE_STRIP = NO;
				DEBUG_INFORMATION_FORMAT = "dwarf-with-dsym";
				ENABLE_NS_ASSERTIONS = NO;
				ENABLE_STRICT_OBJC_MSGSEND = YES;
				GCC_C_LANGUAGE_STANDARD = gnu11;
				GCC_NO_COMMON_BLOCKS = YES;
				GCC_WARN_64_TO_32_BIT_CONVERSION = YES;
				GCC_WARN_ABOUT_RETURN_TYPE = YES_ERROR;
				GCC_WARN_UNDECLARED_SELECTOR = YES;
				GCC_WARN_UNINITIALIZED_AUTOS = YES_AGGRESSIVE;
				GCC_WARN_UNUSED_FUNCTION = YES;
				GCC_WARN_UNUSED_VARIABLE = YES;
				IPHONEOS_DEPLOYMENT_TARGET = 10.0;
				MTL_ENABLE_DEBUG_INFO = NO;
				MTL_FAST_MATH = YES;
				SDKROOT = iphoneos;
				SWIFT_COMPILATION_MODE = wholemodule;
				SWIFT_OPTIMIZATION_LEVEL = "-O";
				URL_XXX = "";
				VALIDATE_PRODUCT = YES;
			};
			name = Testing;
		};
		030E7C0821F8EF5B00DAE899 /* Testing */ = {
			isa = XCBuildConfiguration;
			baseConfigurationReference = 22DC2CAA1C5921CBB2C074B1 /* Pods-ModuleTest.testing.xcconfig */;
			buildSettings = {
				ASSETCATALOG_COMPILER_APPICON_NAME = AppIcon;
				AUTH0_CLIENTID = Oc2jAyegmSAe7igh8SG2U7XLe3wMKQOS;
				AUTH0_DOMAIN = "naranja-native-poc.auth0.com";
				BASE_URL = "https://demo0321375.mockable.io/naranja";
				CODE_SIGN_STYLE = Automatic;
				DEVELOPMENT_TEAM = 6D6B474Z96;
				GOOGLESERVICE_DATABASE_URL = "https://ModuleTest-ed769.firebaseio.com";
				INFOPLIST_FILE = ModuleTest/Info.plist;
				IPHONEOS_DEPLOYMENT_TARGET = 10.0;
				LD_RUNPATH_SEARCH_PATHS = (
					"$(inherited)",
					"@executable_path/Frameworks",
				);
				ONLY_ACTIVE_ARCH = YES;
				PRODUCT_BUNDLE_IDENTIFIER = FluxIT.ModuleTest;
				PRODUCT_MODULE_NAME = ModuleTest;
				PRODUCT_NAME = "$(TARGET_NAME)";
				SWIFT_VERSION = 4.2;
				TARGETED_DEVICE_FAMILY = "1,2";
				VALIDATE_PRODUCT = YES;
			};
			name = Testing;
		};
		030E7C0921F8EF5B00DAE899 /* Testing */ = {
			isa = XCBuildConfiguration;
			buildSettings = {
				CODE_SIGN_STYLE = Automatic;
				DEBUG_INFORMATION_FORMAT = "dwarf-with-dsym";
				DEVELOPMENT_TEAM = 6D6B474Z96;
				OTHER_CFLAGS = "";
				OTHER_LDFLAGS = "";
				PRODUCT_NAME = "$(TARGET_NAME)";
			};
			name = Testing;
		};
		030E7C0A21F8EF5B00DAE899 /* Testing */ = {
			isa = XCBuildConfiguration;
			buildSettings = {
				CODE_SIGN_STYLE = Automatic;
				DEBUG_INFORMATION_FORMAT = "dwarf-with-dsym";
				DEVELOPMENT_TEAM = 6D6B474Z96;
				OTHER_CFLAGS = "";
				OTHER_LDFLAGS = "";
				PRODUCT_NAME = "$(TARGET_NAME)";
			};
			name = Testing;
		};
		030E7C0B21F8EF5B00DAE899 /* Testing */ = {
			isa = XCBuildConfiguration;
			buildSettings = {
				CODE_SIGN_STYLE = Automatic;
				DEBUG_INFORMATION_FORMAT = "dwarf-with-dsym";
				DEVELOPMENT_TEAM = 6D6B474Z96;
				OTHER_CFLAGS = "";
				OTHER_LDFLAGS = "";
				PRODUCT_NAME = "$(TARGET_NAME)";
			};
			name = Testing;
		};
		030E7C0C21F8EF5B00DAE899 /* Testing */ = {
			isa = XCBuildConfiguration;
			buildSettings = {
				BUNDLE_LOADER = "$(TEST_HOST)";
				CODE_SIGN_STYLE = Automatic;
				DEVELOPMENT_TEAM = 6D6B474Z96;
				INFOPLIST_FILE = Tests/Info.plist;
				LD_RUNPATH_SEARCH_PATHS = (
					"$(inherited)",
					"@executable_path/Frameworks",
					"@loader_path/Frameworks",
				);
				PRODUCT_BUNDLE_IDENTIFIER = FluxIT.Tests;
				PRODUCT_NAME = "$(TARGET_NAME)";
				SWIFT_VERSION = 4.2;
				TARGETED_DEVICE_FAMILY = "1,2";
				TEST_HOST = "$(BUILT_PRODUCTS_DIR)/ModuleTest.app/ModuleTest";
			};
			name = Testing;
		};
		DA3BE20D21BFFDD8005526BC /* Debug */ = {
			isa = XCBuildConfiguration;
			buildSettings = {
				CODE_SIGN_STYLE = Automatic;
				DEBUGGING_SYMBOLS = YES;
				DEBUG_INFORMATION_FORMAT = dwarf;
				DEVELOPMENT_TEAM = 6D6B474Z96;
				GCC_GENERATE_DEBUGGING_SYMBOLS = YES;
				GCC_OPTIMIZATION_LEVEL = 0;
				OTHER_CFLAGS = "";
				OTHER_LDFLAGS = "";
				PRODUCT_NAME = "$(TARGET_NAME)";
			};
			name = Debug;
		};
		DA3BE20E21BFFDD8005526BC /* Release */ = {
			isa = XCBuildConfiguration;
			buildSettings = {
				CODE_SIGN_STYLE = Automatic;
				DEBUG_INFORMATION_FORMAT = "dwarf-with-dsym";
				DEVELOPMENT_TEAM = 6D6B474Z96;
				OTHER_CFLAGS = "";
				OTHER_LDFLAGS = "";
				PRODUCT_NAME = "$(TARGET_NAME)";
			};
			name = Release;
		};
		DA3BE21121BFFE4C005526BC /* Debug */ = {
			isa = XCBuildConfiguration;
			buildSettings = {
				CODE_SIGN_STYLE = Automatic;
				DEBUGGING_SYMBOLS = YES;
				DEBUG_INFORMATION_FORMAT = dwarf;
				DEVELOPMENT_TEAM = 6D6B474Z96;
				GCC_GENERATE_DEBUGGING_SYMBOLS = YES;
				GCC_OPTIMIZATION_LEVEL = 0;
				OTHER_CFLAGS = "";
				OTHER_LDFLAGS = "";
				PRODUCT_NAME = "$(TARGET_NAME)";
			};
			name = Debug;
		};
		DA3BE21221BFFE4C005526BC /* Release */ = {
			isa = XCBuildConfiguration;
			buildSettings = {
				CODE_SIGN_STYLE = Automatic;
				DEBUG_INFORMATION_FORMAT = "dwarf-with-dsym";
				DEVELOPMENT_TEAM = 6D6B474Z96;
				OTHER_CFLAGS = "";
				OTHER_LDFLAGS = "";
				PRODUCT_NAME = "$(TARGET_NAME)";
			};
			name = Release;
		};
		DA52D09921B6A45600370736 /* Debug */ = {
			isa = XCBuildConfiguration;
			buildSettings = {
				ALWAYS_SEARCH_USER_PATHS = NO;
				CLANG_ANALYZER_NONNULL = YES;
				CLANG_ANALYZER_NUMBER_OBJECT_CONVERSION = YES_AGGRESSIVE;
				CLANG_CXX_LANGUAGE_STANDARD = "gnu++14";
				CLANG_CXX_LIBRARY = "libc++";
				CLANG_ENABLE_MODULES = YES;
				CLANG_ENABLE_OBJC_ARC = YES;
				CLANG_ENABLE_OBJC_WEAK = YES;
				CLANG_WARN_BLOCK_CAPTURE_AUTORELEASING = YES;
				CLANG_WARN_BOOL_CONVERSION = YES;
				CLANG_WARN_COMMA = YES;
				CLANG_WARN_CONSTANT_CONVERSION = YES;
				CLANG_WARN_DEPRECATED_OBJC_IMPLEMENTATIONS = YES;
				CLANG_WARN_DIRECT_OBJC_ISA_USAGE = YES_ERROR;
				CLANG_WARN_DOCUMENTATION_COMMENTS = YES;
				CLANG_WARN_EMPTY_BODY = YES;
				CLANG_WARN_ENUM_CONVERSION = YES;
				CLANG_WARN_INFINITE_RECURSION = YES;
				CLANG_WARN_INT_CONVERSION = YES;
				CLANG_WARN_NON_LITERAL_NULL_CONVERSION = YES;
				CLANG_WARN_OBJC_IMPLICIT_RETAIN_SELF = YES;
				CLANG_WARN_OBJC_LITERAL_CONVERSION = YES;
				CLANG_WARN_OBJC_ROOT_CLASS = YES_ERROR;
				CLANG_WARN_RANGE_LOOP_ANALYSIS = YES;
				CLANG_WARN_STRICT_PROTOTYPES = YES;
				CLANG_WARN_SUSPICIOUS_MOVE = YES;
				CLANG_WARN_UNGUARDED_AVAILABILITY = YES_AGGRESSIVE;
				CLANG_WARN_UNREACHABLE_CODE = YES;
				CLANG_WARN__DUPLICATE_METHOD_MATCH = YES;
				CODE_SIGN_IDENTITY = "iPhone Developer";
				COPY_PHASE_STRIP = NO;
				DEBUG_INFORMATION_FORMAT = "dwarf-with-dsym";
				ENABLE_STRICT_OBJC_MSGSEND = YES;
				ENABLE_TESTABILITY = YES;
				GCC_C_LANGUAGE_STANDARD = gnu11;
				GCC_DYNAMIC_NO_PIC = NO;
				GCC_NO_COMMON_BLOCKS = YES;
				GCC_OPTIMIZATION_LEVEL = 0;
				GCC_PREPROCESSOR_DEFINITIONS = (
					"DEBUG=1",
					"$(inherited)",
				);
				GCC_WARN_64_TO_32_BIT_CONVERSION = YES;
				GCC_WARN_ABOUT_RETURN_TYPE = YES_ERROR;
				GCC_WARN_UNDECLARED_SELECTOR = YES;
				GCC_WARN_UNINITIALIZED_AUTOS = YES_AGGRESSIVE;
				GCC_WARN_UNUSED_FUNCTION = YES;
				GCC_WARN_UNUSED_VARIABLE = YES;
				IPHONEOS_DEPLOYMENT_TARGET = 10.0;
				MTL_ENABLE_DEBUG_INFO = INCLUDE_SOURCE;
				MTL_FAST_MATH = YES;
				ONLY_ACTIVE_ARCH = YES;
				SDKROOT = iphoneos;
				SWIFT_ACTIVE_COMPILATION_CONDITIONS = DEBUG;
				SWIFT_OPTIMIZATION_LEVEL = "-Onone";
				URL_XXX = "";
			};
			name = Debug;
		};
		DA52D09A21B6A45600370736 /* Release */ = {
			isa = XCBuildConfiguration;
			buildSettings = {
				ALWAYS_SEARCH_USER_PATHS = NO;
				CLANG_ANALYZER_NONNULL = YES;
				CLANG_ANALYZER_NUMBER_OBJECT_CONVERSION = YES_AGGRESSIVE;
				CLANG_CXX_LANGUAGE_STANDARD = "gnu++14";
				CLANG_CXX_LIBRARY = "libc++";
				CLANG_ENABLE_MODULES = YES;
				CLANG_ENABLE_OBJC_ARC = YES;
				CLANG_ENABLE_OBJC_WEAK = YES;
				CLANG_WARN_BLOCK_CAPTURE_AUTORELEASING = YES;
				CLANG_WARN_BOOL_CONVERSION = YES;
				CLANG_WARN_COMMA = YES;
				CLANG_WARN_CONSTANT_CONVERSION = YES;
				CLANG_WARN_DEPRECATED_OBJC_IMPLEMENTATIONS = YES;
				CLANG_WARN_DIRECT_OBJC_ISA_USAGE = YES_ERROR;
				CLANG_WARN_DOCUMENTATION_COMMENTS = YES;
				CLANG_WARN_EMPTY_BODY = YES;
				CLANG_WARN_ENUM_CONVERSION = YES;
				CLANG_WARN_INFINITE_RECURSION = YES;
				CLANG_WARN_INT_CONVERSION = YES;
				CLANG_WARN_NON_LITERAL_NULL_CONVERSION = YES;
				CLANG_WARN_OBJC_IMPLICIT_RETAIN_SELF = YES;
				CLANG_WARN_OBJC_LITERAL_CONVERSION = YES;
				CLANG_WARN_OBJC_ROOT_CLASS = YES_ERROR;
				CLANG_WARN_RANGE_LOOP_ANALYSIS = YES;
				CLANG_WARN_STRICT_PROTOTYPES = YES;
				CLANG_WARN_SUSPICIOUS_MOVE = YES;
				CLANG_WARN_UNGUARDED_AVAILABILITY = YES_AGGRESSIVE;
				CLANG_WARN_UNREACHABLE_CODE = YES;
				CLANG_WARN__DUPLICATE_METHOD_MATCH = YES;
				CODE_SIGN_IDENTITY = "iPhone Developer";
				COPY_PHASE_STRIP = NO;
				DEBUG_INFORMATION_FORMAT = "dwarf-with-dsym";
				ENABLE_NS_ASSERTIONS = NO;
				ENABLE_STRICT_OBJC_MSGSEND = YES;
				GCC_C_LANGUAGE_STANDARD = gnu11;
				GCC_NO_COMMON_BLOCKS = YES;
				GCC_WARN_64_TO_32_BIT_CONVERSION = YES;
				GCC_WARN_ABOUT_RETURN_TYPE = YES_ERROR;
				GCC_WARN_UNDECLARED_SELECTOR = YES;
				GCC_WARN_UNINITIALIZED_AUTOS = YES_AGGRESSIVE;
				GCC_WARN_UNUSED_FUNCTION = YES;
				GCC_WARN_UNUSED_VARIABLE = YES;
				IPHONEOS_DEPLOYMENT_TARGET = 10.0;
				MTL_ENABLE_DEBUG_INFO = NO;
				MTL_FAST_MATH = YES;
				SDKROOT = iphoneos;
				SWIFT_COMPILATION_MODE = wholemodule;
				SWIFT_OPTIMIZATION_LEVEL = "-O";
				URL_XXX = "";
				VALIDATE_PRODUCT = YES;
			};
			name = Release;
		};
		DA52D09C21B6A45600370736 /* Debug */ = {
			isa = XCBuildConfiguration;
			baseConfigurationReference = A68B91042B9D9E843BE68E79 /* Pods-ModuleTest.debug.xcconfig */;
			buildSettings = {
				ASSETCATALOG_COMPILER_APPICON_NAME = AppIcon;
				AUTH0_CLIENTID = Oc2jAyegmSAe7igh8SG2U7XLe3wMKQOS;
				AUTH0_DOMAIN = "naranja-native-poc.auth0.com";
				BASE_URL = "https://demo0321375.mockable.io/naranja";
				CODE_SIGN_STYLE = Automatic;
				DEVELOPMENT_TEAM = 6D6B474Z96;
				GOOGLESERVICE_DATABASE_URL = "https://ModuleTest-ed769.firebaseio.com";
				INFOPLIST_FILE = ModuleTest/Info.plist;
				IPHONEOS_DEPLOYMENT_TARGET = 10.0;
				LD_RUNPATH_SEARCH_PATHS = (
					"$(inherited)",
					"@executable_path/Frameworks",
				);
				ONLY_ACTIVE_ARCH = YES;
				PRODUCT_BUNDLE_IDENTIFIER = FluxIT.ModuleTest;
				PRODUCT_MODULE_NAME = ModuleTest;
				PRODUCT_NAME = "$(TARGET_NAME)";
				SWIFT_VERSION = 4.2;
				TARGETED_DEVICE_FAMILY = "1,2";
				VALIDATE_PRODUCT = "";
			};
			name = Debug;
		};
		DA52D09D21B6A45600370736 /* Release */ = {
			isa = XCBuildConfiguration;
			baseConfigurationReference = F92278E4E5AB24FEC92BFEE4 /* Pods-ModuleTest.release.xcconfig */;
			buildSettings = {
				ASSETCATALOG_COMPILER_APPICON_NAME = AppIcon;
				AUTH0_CLIENTID = Oc2jAyegmSAe7igh8SG2U7XLe3wMKQOS;
				AUTH0_DOMAIN = "naranja-native-poc.auth0.com";
				BASE_URL = "https://demo0321375.mockable.io/naranja";
				CODE_SIGN_STYLE = Automatic;
				DEVELOPMENT_TEAM = 6D6B474Z96;
				GOOGLESERVICE_DATABASE_URL = "https://ModuleTest-ed769.firebaseio.com";
				INFOPLIST_FILE = ModuleTest/Info.plist;
				IPHONEOS_DEPLOYMENT_TARGET = 10.0;
				LD_RUNPATH_SEARCH_PATHS = (
					"$(inherited)",
					"@executable_path/Frameworks",
				);
				ONLY_ACTIVE_ARCH = YES;
				PRODUCT_BUNDLE_IDENTIFIER = FluxIT.ModuleTest;
				PRODUCT_MODULE_NAME = ModuleTest;
				PRODUCT_NAME = "$(TARGET_NAME)";
				SWIFT_VERSION = 4.2;
				TARGETED_DEVICE_FAMILY = "1,2";
				VALIDATE_PRODUCT = YES;
			};
			name = Release;
		};
		DA578DBE21CD785E00986A8C /* Debug */ = {
			isa = XCBuildConfiguration;
			buildSettings = {
				BUNDLE_LOADER = "$(TEST_HOST)";
				CODE_SIGN_STYLE = Automatic;
				DEVELOPMENT_TEAM = 6D6B474Z96;
				INFOPLIST_FILE = Tests/Info.plist;
				LD_RUNPATH_SEARCH_PATHS = (
					"$(inherited)",
					"@executable_path/Frameworks",
					"@loader_path/Frameworks",
				);
				PRODUCT_BUNDLE_IDENTIFIER = FluxIT.Tests;
				PRODUCT_NAME = "$(TARGET_NAME)";
				SWIFT_VERSION = 4.2;
				TARGETED_DEVICE_FAMILY = "1,2";
				TEST_HOST = "$(BUILT_PRODUCTS_DIR)/ModuleTest.app/ModuleTest";
			};
			name = Debug;
		};
		DA578DBF21CD785E00986A8C /* Release */ = {
			isa = XCBuildConfiguration;
			buildSettings = {
				BUNDLE_LOADER = "$(TEST_HOST)";
				CODE_SIGN_STYLE = Automatic;
				DEVELOPMENT_TEAM = 6D6B474Z96;
				INFOPLIST_FILE = Tests/Info.plist;
				LD_RUNPATH_SEARCH_PATHS = (
					"$(inherited)",
					"@executable_path/Frameworks",
					"@loader_path/Frameworks",
				);
				PRODUCT_BUNDLE_IDENTIFIER = FluxIT.Tests;
				PRODUCT_NAME = "$(TARGET_NAME)";
				SWIFT_VERSION = 4.2;
				TARGETED_DEVICE_FAMILY = "1,2";
				TEST_HOST = "$(BUILT_PRODUCTS_DIR)/ModuleTest.app/ModuleTest";
			};
			name = Release;
		};
		DAB17ABF21BFF89000915C00 /* Debug */ = {
			isa = XCBuildConfiguration;
			buildSettings = {
				CODE_SIGN_STYLE = Automatic;
				DEBUGGING_SYMBOLS = YES;
				DEBUG_INFORMATION_FORMAT = dwarf;
				DEVELOPMENT_TEAM = 6D6B474Z96;
				GCC_GENERATE_DEBUGGING_SYMBOLS = YES;
				GCC_OPTIMIZATION_LEVEL = 0;
				OTHER_CFLAGS = "";
				OTHER_LDFLAGS = "";
				PRODUCT_NAME = "$(TARGET_NAME)";
			};
			name = Debug;
		};
		DAB17AC021BFF89000915C00 /* Release */ = {
			isa = XCBuildConfiguration;
			buildSettings = {
				CODE_SIGN_STYLE = Automatic;
				DEBUG_INFORMATION_FORMAT = "dwarf-with-dsym";
				DEVELOPMENT_TEAM = 6D6B474Z96;
				OTHER_CFLAGS = "";
				OTHER_LDFLAGS = "";
				PRODUCT_NAME = "$(TARGET_NAME)";
			};
			name = Release;
		};
/* End XCBuildConfiguration section */

/* Begin XCConfigurationList section */
		DA3BE20C21BFFDD8005526BC /* Build configuration list for PBXLegacyTarget "dev" */ = {
			isa = XCConfigurationList;
			buildConfigurations = (
				DA3BE20D21BFFDD8005526BC /* Debug */,
				DA3BE20E21BFFDD8005526BC /* Release */,
				030E7C0921F8EF5B00DAE899 /* Testing */,
			);
			defaultConfigurationIsVisible = 0;
			defaultConfigurationName = Release;
		};
		DA3BE21021BFFE4C005526BC /* Build configuration list for PBXLegacyTarget "prod" */ = {
			isa = XCConfigurationList;
			buildConfigurations = (
				DA3BE21121BFFE4C005526BC /* Debug */,
				DA3BE21221BFFE4C005526BC /* Release */,
				030E7C0B21F8EF5B00DAE899 /* Testing */,
			);
			defaultConfigurationIsVisible = 0;
			defaultConfigurationName = Release;
		};
		DA52D06E21B6A45500370736 /* Build configuration list for PBXProject "ModuleTest" */ = {
			isa = XCConfigurationList;
			buildConfigurations = (
				DA52D09921B6A45600370736 /* Debug */,
				DA52D09A21B6A45600370736 /* Release */,
				030E7C0721F8EF5B00DAE899 /* Testing */,
			);
			defaultConfigurationIsVisible = 0;
			defaultConfigurationName = Release;
		};
		DA52D09B21B6A45600370736 /* Build configuration list for PBXNativeTarget "ModuleTest" */ = {
			isa = XCConfigurationList;
			buildConfigurations = (
				DA52D09C21B6A45600370736 /* Debug */,
				DA52D09D21B6A45600370736 /* Release */,
				030E7C0821F8EF5B00DAE899 /* Testing */,
			);
			defaultConfigurationIsVisible = 0;
			defaultConfigurationName = Release;
		};
		DA578DBD21CD785E00986A8C /* Build configuration list for PBXNativeTarget "Tests" */ = {
			isa = XCConfigurationList;
			buildConfigurations = (
				DA578DBE21CD785E00986A8C /* Debug */,
				DA578DBF21CD785E00986A8C /* Release */,
				030E7C0C21F8EF5B00DAE899 /* Testing */,
			);
			defaultConfigurationIsVisible = 0;
			defaultConfigurationName = Release;
		};
		DAB17ABE21BFF89000915C00 /* Build configuration list for PBXLegacyTarget "test" */ = {
			isa = XCConfigurationList;
			buildConfigurations = (
				DAB17ABF21BFF89000915C00 /* Debug */,
				DAB17AC021BFF89000915C00 /* Release */,
				030E7C0A21F8EF5B00DAE899 /* Testing */,
			);
			defaultConfigurationIsVisible = 0;
			defaultConfigurationName = Release;
		};
/* End XCConfigurationList section */
	};
	rootObject = DA52D06B21B6A45500370736 /* Project object */;
}
